<?xml version="1.0" encoding="utf-8"?>
<Project ToolsVersion="4.0" xmlns="http://schemas.microsoft.com/developer/msbuild/2003">
  <ItemGroup>
    <Filter Include="Source Files">
      <UniqueIdentifier>{4FC737F1-C7A5-4376-A066-2A32D752A2FF}</UniqueIdentifier>
      <Extensions>cpp;c;cc;cxx;c++;cppm;ixx;def;odl;idl;hpj;bat;asm;asmx</Extensions>
    </Filter>
    <Filter Include="Header Files">
      <UniqueIdentifier>{93995380-89BD-4b04-88EB-625FBE52EBFB}</UniqueIdentifier>
      <Extensions>h;hh;hpp;hxx;h++;hm;inl;inc;ipp;xsd</Extensions>
    </Filter>
    <Filter Include="Resource Files">
      <UniqueIdentifier>{67DA6AB6-F800-4c08-8B7A-83BB121AAD01}</UniqueIdentifier>
      <Extensions>rc;ico;cur;bmp;dlg;rc2;rct;bin;rgs;gif;jpg;jpeg;jpe;resx;tiff;tif;png;wav;mfcribbon-ms</Extensions>
    </Filter>
  </ItemGroup>
  <ItemGroup>
    <ClCompile Include="src\main.cpp">
      <Filter>Source Files</Filter>
    </ClCompile>
    <ClCompile Include="src\json\JSON.cpp">
      <Filter>Source Files</Filter>
    </ClCompile>
    <ClCompile Include="src\json\json_demo.cpp">
      <Filter>Source Files</Filter>
    </ClCompile>
    <ClCompile Include="src\json\JSONValue.cpp">
      <Filter>Source Files</Filter>
    </ClCompile>
    <ClCompile Include="src\sdlutils\SDLUtils.cpp">
      <Filter>Source Files</Filter>
    </ClCompile>
    <ClCompile Include="src\sdlutils\sdlutils_demo.cpp">
      <Filter>Source Files</Filter>
    </ClCompile>
    <ClCompile Include="src\sdlutils\SDLUtilsError.cpp">
      <Filter>Source Files</Filter>
    </ClCompile>
    <ClCompile Include="src\sdlutils\SoundEffect.cpp">
      <Filter>Source Files</Filter>
    </ClCompile>
    <ClCompile Include="src\sdlutils\Texture.cpp">
      <Filter>Source Files</Filter>
    </ClCompile>
    <ClCompile Include="src\utils\Collisions.cpp">
      <Filter>Source Files</Filter>
    </ClCompile>
    <ClCompile Include="src\utils\Vector2D.cpp">
      <Filter>Source Files</Filter>
    </ClCompile>
    <ClCompile Include="src\components\BounceOnBorders.cpp">
      <Filter>Source Files</Filter>
    </ClCompile>
    <ClCompile Include="src\components\GameInfoMsgs.cpp">
      <Filter>Source Files</Filter>
    </ClCompile>
    <ClCompile Include="src\components\GameState.cpp">
      <Filter>Source Files</Filter>
    </ClCompile>
    <ClCompile Include="src\components\Image.cpp">
      <Filter>Source Files</Filter>
    </ClCompile>
    <ClCompile Include="src\components\PaddleAICtrl.cpp">
      <Filter>Source Files</Filter>
    </ClCompile>
    <ClCompile Include="src\components\PaddleKBCtrl.cpp">
      <Filter>Source Files</Filter>
    </ClCompile>
    <ClCompile Include="src\components\PaddleMouseCtrl.cpp">
      <Filter>Source Files</Filter>
    </ClCompile>
    <ClCompile Include="src\components\RectangleViewer.cpp">
      <Filter>Source Files</Filter>
    </ClCompile>
    <ClCompile Include="src\components\StopOnBorders.cpp">
      <Filter>Source Files</Filter>
    </ClCompile>
    <ClCompile Include="src\ecs\EntityManager.cpp">
      <Filter>Source Files</Filter>
    </ClCompile>
    <ClCompile Include="src\game\Game.cpp">
      <Filter>Source Files</Filter>
    </ClCompile>
  </ItemGroup>
  <ItemGroup>
    <ClInclude Include="src\json\JSON.h">
      <Filter>Header Files</Filter>
    </ClInclude>
    <ClInclude Include="src\json\json_demo.h">
      <Filter>Header Files</Filter>
    </ClInclude>
    <ClInclude Include="src\json\JSONValue.h">
      <Filter>Header Files</Filter>
    </ClInclude>
    <ClInclude Include="src\sdlutils\Font.h">
      <Filter>Header Files</Filter>
    </ClInclude>
    <ClInclude Include="src\sdlutils\InputHandler.h">
      <Filter>Header Files</Filter>
    </ClInclude>
    <ClInclude Include="src\sdlutils\macros.h">
      <Filter>Header Files</Filter>
    </ClInclude>
    <ClInclude Include="src\sdlutils\RandomNumberGenerator.h">
      <Filter>Header Files</Filter>
    </ClInclude>
    <ClInclude Include="src\sdlutils\SDLUtils.h">
      <Filter>Header Files</Filter>
    </ClInclude>
    <ClInclude Include="src\sdlutils\sdlutils_demo.h">
      <Filter>Header Files</Filter>
    </ClInclude>
    <ClInclude Include="src\sdlutils\SDLUtilsError.h">
      <Filter>Header Files</Filter>
    </ClInclude>
    <ClInclude Include="src\sdlutils\SoundEffect.h">
      <Filter>Header Files</Filter>
    </ClInclude>
    <ClInclude Include="src\sdlutils\SoundManager.h">
      <Filter>Header Files</Filter>
    </ClInclude>
    <ClInclude Include="src\sdlutils\Texture.h">
      <Filter>Header Files</Filter>
    </ClInclude>
    <ClInclude Include="src\sdlutils\VirtualTimer.h">
      <Filter>Header Files</Filter>
    </ClInclude>
    <ClInclude Include="src\utils\Collisions.h">
      <Filter>Header Files</Filter>
    </ClInclude>
    <ClInclude Include="src\utils\DynamicBitSet.h">
      <Filter>Header Files</Filter>
    </ClInclude>
    <ClInclude Include="src\utils\exceptions.h">
      <Filter>Header Files</Filter>
    </ClInclude>
    <ClInclude Include="src\utils\GenID.h">
      <Filter>Header Files</Filter>
    </ClInclude>
    <ClInclude Include="src\utils\mpl.h">
      <Filter>Header Files</Filter>
    </ClInclude>
    <ClInclude Include="src\utils\ptr_iterator.h">
      <Filter>Header Files</Filter>
    </ClInclude>
    <ClInclude Include="src\utils\Singleton.h">
      <Filter>Header Files</Filter>
    </ClInclude>
    <ClInclude Include="src\utils\Vector2D.h">
      <Filter>Header Files</Filter>
    </ClInclude>
    <ClInclude Include="src\components\BounceOnBorders.h">
      <Filter>Header Files</Filter>
    </ClInclude>
    <ClInclude Include="src\components\GameInfoMsgs.h">
      <Filter>Header Files</Filter>
    </ClInclude>
    <ClInclude Include="src\components\GameState.h">
      <Filter>Header Files</Filter>
    </ClInclude>
    <ClInclude Include="src\components\Image.h">
      <Filter>Header Files</Filter>
    </ClInclude>
    <ClInclude Include="src\components\PaddleAICtrl.h">
      <Filter>Header Files</Filter>
    </ClInclude>
    <ClInclude Include="src\components\PaddleKBCtrl.h">
      <Filter>Header Files</Filter>
    </ClInclude>
    <ClInclude Include="src\components\PaddleMouseCtrl.h">
      <Filter>Header Files</Filter>
    </ClInclude>
    <ClInclude Include="src\components\RectangleViewer.h">
      <Filter>Header Files</Filter>
    </ClInclude>
    <ClInclude Include="src\components\StopOnBorders.h">
      <Filter>Header Files</Filter>
    </ClInclude>
    <ClInclude Include="src\components\Transform.h">
      <Filter>Header Files</Filter>
    </ClInclude>
    <ClInclude Include="src\ecs\Component.h">
      <Filter>Header Files</Filter>
    </ClInclude>
    <ClInclude Include="src\ecs\ecs.h">
      <Filter>Header Files</Filter>
    </ClInclude>
    <ClInclude Include="src\ecs\ecs_defs_example.h">
      <Filter>Header Files</Filter>
    </ClInclude>
    <ClInclude Include="src\ecs\Entity.h">
      <Filter>Header Files</Filter>
    </ClInclude>
    <ClInclude Include="src\ecs\EntityManager.h">
      <Filter>Header Files</Filter>
    </ClInclude>
    <ClInclude Include="src\game\ecs_defs.h">
      <Filter>Header Files</Filter>
    </ClInclude>
    <ClInclude Include="src\game\Game.h">
      <Filter>Header Files</Filter>
    </ClInclude>
    <ClInclude Include="SDL\include\SDL3\SDL.h">
      <Filter>Header Files</Filter>
    </ClInclude>
    <ClInclude Include="SDL\include\SDL3\SDL_assert.h">
      <Filter>Header Files</Filter>
    </ClInclude>
    <ClInclude Include="SDL\include\SDL3\SDL_asyncio.h">
      <Filter>Header Files</Filter>
    </ClInclude>
    <ClInclude Include="SDL\include\SDL3\SDL_atomic.h">
      <Filter>Header Files</Filter>
    </ClInclude>
    <ClInclude Include="SDL\include\SDL3\SDL_audio.h">
      <Filter>Header Files</Filter>
    </ClInclude>
    <ClInclude Include="SDL\include\SDL3\SDL_begin_code.h">
      <Filter>Header Files</Filter>
    </ClInclude>
    <ClInclude Include="SDL\include\SDL3\SDL_bits.h">
      <Filter>Header Files</Filter>
    </ClInclude>
    <ClInclude Include="SDL\include\SDL3\SDL_blendmode.h">
      <Filter>Header Files</Filter>
    </ClInclude>
    <ClInclude Include="SDL\include\SDL3\SDL_camera.h">
      <Filter>Header Files</Filter>
    </ClInclude>
    <ClInclude Include="SDL\include\SDL3\SDL_clipboard.h">
      <Filter>Header Files</Filter>
    </ClInclude>
    <ClInclude Include="SDL\include\SDL3\SDL_close_code.h">
      <Filter>Header Files</Filter>
    </ClInclude>
    <ClInclude Include="SDL\include\SDL3\SDL_copying.h">
      <Filter>Header Files</Filter>
    </ClInclude>
    <ClInclude Include="SDL\include\SDL3\SDL_cpuinfo.h">
      <Filter>Header Files</Filter>
    </ClInclude>
    <ClInclude Include="SDL\include\SDL3\SDL_dialog.h">
      <Filter>Header Files</Filter>
    </ClInclude>
    <ClInclude Include="SDL\include\SDL3\SDL_dlopennote.h">
      <Filter>Header Files</Filter>
    </ClInclude>
    <ClInclude Include="SDL\include\SDL3\SDL_egl.h">
      <Filter>Header Files</Filter>
    </ClInclude>
    <ClInclude Include="SDL\include\SDL3\SDL_endian.h">
      <Filter>Header Files</Filter>
    </ClInclude>
    <ClInclude Include="SDL\include\SDL3\SDL_error.h">
      <Filter>Header Files</Filter>
    </ClInclude>
    <ClInclude Include="SDL\include\SDL3\SDL_events.h">
      <Filter>Header Files</Filter>
    </ClInclude>
    <ClInclude Include="SDL\include\SDL3\SDL_filesystem.h">
      <Filter>Header Files</Filter>
    </ClInclude>
    <ClInclude Include="SDL\include\SDL3\SDL_gamepad.h">
      <Filter>Header Files</Filter>
    </ClInclude>
    <ClInclude Include="SDL\include\SDL3\SDL_gpu.h">
      <Filter>Header Files</Filter>
    </ClInclude>
    <ClInclude Include="SDL\include\SDL3\SDL_guid.h">
      <Filter>Header Files</Filter>
    </ClInclude>
    <ClInclude Include="SDL\include\SDL3\SDL_haptic.h">
      <Filter>Header Files</Filter>
    </ClInclude>
    <ClInclude Include="SDL\include\SDL3\SDL_hidapi.h">
      <Filter>Header Files</Filter>
    </ClInclude>
    <ClInclude Include="SDL\include\SDL3\SDL_hints.h">
      <Filter>Header Files</Filter>
    </ClInclude>
    <ClInclude Include="SDL\include\SDL3\SDL_init.h">
      <Filter>Header Files</Filter>
    </ClInclude>
    <ClInclude Include="SDL\include\SDL3\SDL_intrin.h">
      <Filter>Header Files</Filter>
    </ClInclude>
    <ClInclude Include="SDL\include\SDL3\SDL_iostream.h">
      <Filter>Header Files</Filter>
    </ClInclude>
    <ClInclude Include="SDL\include\SDL3\SDL_joystick.h">
      <Filter>Header Files</Filter>
    </ClInclude>
    <ClInclude Include="SDL\include\SDL3\SDL_keyboard.h">
      <Filter>Header Files</Filter>
    </ClInclude>
    <ClInclude Include="SDL\include\SDL3\SDL_keycode.h">
      <Filter>Header Files</Filter>
    </ClInclude>
    <ClInclude Include="SDL\include\SDL3\SDL_loadso.h">
      <Filter>Header Files</Filter>
    </ClInclude>
    <ClInclude Include="SDL\include\SDL3\SDL_locale.h">
      <Filter>Header Files</Filter>
    </ClInclude>
    <ClInclude Include="SDL\include\SDL3\SDL_log.h">
      <Filter>Header Files</Filter>
    </ClInclude>
    <ClInclude Include="SDL\include\SDL3\SDL_main.h">
      <Filter>Header Files</Filter>
    </ClInclude>
    <ClInclude Include="SDL\include\SDL3\SDL_main_impl.h">
      <Filter>Header Files</Filter>
    </ClInclude>
    <ClInclude Include="SDL\include\SDL3\SDL_messagebox.h">
      <Filter>Header Files</Filter>
    </ClInclude>
    <ClInclude Include="SDL\include\SDL3\SDL_metal.h">
      <Filter>Header Files</Filter>
    </ClInclude>
    <ClInclude Include="SDL\include\SDL3\SDL_misc.h">
      <Filter>Header Files</Filter>
    </ClInclude>
    <ClInclude Include="SDL\include\SDL3\SDL_mouse.h">
      <Filter>Header Files</Filter>
    </ClInclude>
    <ClInclude Include="SDL\include\SDL3\SDL_mutex.h">
      <Filter>Header Files</Filter>
    </ClInclude>
    <ClInclude Include="SDL\include\SDL3\SDL_oldnames.h">
      <Filter>Header Files</Filter>
    </ClInclude>
    <ClInclude Include="SDL\include\SDL3\SDL_opengl.h">
      <Filter>Header Files</Filter>
    </ClInclude>
    <ClInclude Include="SDL\include\SDL3\SDL_opengl_glext.h">
      <Filter>Header Files</Filter>
    </ClInclude>
    <ClInclude Include="SDL\include\SDL3\SDL_opengles.h">
      <Filter>Header Files</Filter>
    </ClInclude>
    <ClInclude Include="SDL\include\SDL3\SDL_opengles2.h">
      <Filter>Header Files</Filter>
    </ClInclude>
    <ClInclude Include="SDL\include\SDL3\SDL_opengles2_gl2.h">
      <Filter>Header Files</Filter>
    </ClInclude>
    <ClInclude Include="SDL\include\SDL3\SDL_opengles2_gl2ext.h">
      <Filter>Header Files</Filter>
    </ClInclude>
    <ClInclude Include="SDL\include\SDL3\SDL_opengles2_gl2platform.h">
      <Filter>Header Files</Filter>
    </ClInclude>
    <ClInclude Include="SDL\include\SDL3\SDL_opengles2_khrplatform.h">
      <Filter>Header Files</Filter>
    </ClInclude>
    <ClInclude Include="SDL\include\SDL3\SDL_pen.h">
      <Filter>Header Files</Filter>
    </ClInclude>
    <ClInclude Include="SDL\include\SDL3\SDL_pixels.h">
      <Filter>Header Files</Filter>
    </ClInclude>
    <ClInclude Include="SDL\include\SDL3\SDL_platform.h">
      <Filter>Header Files</Filter>
    </ClInclude>
    <ClInclude Include="SDL\include\SDL3\SDL_platform_defines.h">
      <Filter>Header Files</Filter>
    </ClInclude>
    <ClInclude Include="SDL\include\SDL3\SDL_power.h">
      <Filter>Header Files</Filter>
    </ClInclude>
    <ClInclude Include="SDL\include\SDL3\SDL_process.h">
      <Filter>Header Files</Filter>
    </ClInclude>
    <ClInclude Include="SDL\include\SDL3\SDL_properties.h">
      <Filter>Header Files</Filter>
    </ClInclude>
    <ClInclude Include="SDL\include\SDL3\SDL_rect.h">
      <Filter>Header Files</Filter>
    </ClInclude>
    <ClInclude Include="SDL\include\SDL3\SDL_render.h">
      <Filter>Header Files</Filter>
    </ClInclude>
    <ClInclude Include="SDL\include\SDL3\SDL_revision.h">
      <Filter>Header Files</Filter>
    </ClInclude>
    <ClInclude Include="SDL\include\SDL3\SDL_scancode.h">
      <Filter>Header Files</Filter>
    </ClInclude>
    <ClInclude Include="SDL\include\SDL3\SDL_sensor.h">
      <Filter>Header Files</Filter>
    </ClInclude>
    <ClInclude Include="SDL\include\SDL3\SDL_stdinc.h">
      <Filter>Header Files</Filter>
    </ClInclude>
    <ClInclude Include="SDL\include\SDL3\SDL_storage.h">
      <Filter>Header Files</Filter>
    </ClInclude>
    <ClInclude Include="SDL\include\SDL3\SDL_surface.h">
      <Filter>Header Files</Filter>
    </ClInclude>
    <ClInclude Include="SDL\include\SDL3\SDL_system.h">
      <Filter>Header Files</Filter>
    </ClInclude>
    <ClInclude Include="SDL\include\SDL3\SDL_test.h">
      <Filter>Header Files</Filter>
    </ClInclude>
    <ClInclude Include="SDL\include\SDL3\SDL_test_assert.h">
      <Filter>Header Files</Filter>
    </ClInclude>
    <ClInclude Include="SDL\include\SDL3\SDL_test_common.h">
      <Filter>Header Files</Filter>
    </ClInclude>
    <ClInclude Include="SDL\include\SDL3\SDL_test_compare.h">
      <Filter>Header Files</Filter>
    </ClInclude>
    <ClInclude Include="SDL\include\SDL3\SDL_test_crc32.h">
      <Filter>Header Files</Filter>
    </ClInclude>
    <ClInclude Include="SDL\include\SDL3\SDL_test_font.h">
      <Filter>Header Files</Filter>
    </ClInclude>
    <ClInclude Include="SDL\include\SDL3\SDL_test_fuzzer.h">
      <Filter>Header Files</Filter>
    </ClInclude>
    <ClInclude Include="SDL\include\SDL3\SDL_test_harness.h">
      <Filter>Header Files</Filter>
    </ClInclude>
    <ClInclude Include="SDL\include\SDL3\SDL_test_log.h">
      <Filter>Header Files</Filter>
    </ClInclude>
    <ClInclude Include="SDL\include\SDL3\SDL_test_md5.h">
      <Filter>Header Files</Filter>
    </ClInclude>
    <ClInclude Include="SDL\include\SDL3\SDL_test_memory.h">
      <Filter>Header Files</Filter>
    </ClInclude>
    <ClInclude Include="SDL\include\SDL3\SDL_thread.h">
      <Filter>Header Files</Filter>
    </ClInclude>
    <ClInclude Include="SDL\include\SDL3\SDL_time.h">
      <Filter>Header Files</Filter>
    </ClInclude>
    <ClInclude Include="SDL\include\SDL3\SDL_timer.h">
      <Filter>Header Files</Filter>
    </ClInclude>
    <ClInclude Include="SDL\include\SDL3\SDL_touch.h">
      <Filter>Header Files</Filter>
    </ClInclude>
    <ClInclude Include="SDL\include\SDL3\SDL_tray.h">
      <Filter>Header Files</Filter>
    </ClInclude>
    <ClInclude Include="SDL\include\SDL3\SDL_version.h">
      <Filter>Header Files</Filter>
    </ClInclude>
    <ClInclude Include="SDL\include\SDL3\SDL_video.h">
      <Filter>Header Files</Filter>
    </ClInclude>
    <ClInclude Include="SDL\include\SDL3\SDL_vulkan.h">
      <Filter>Header Files</Filter>
    </ClInclude>
    <ClInclude Include="SDL\include\SDL3_image\SDL_image.h">
      <Filter>Header Files</Filter>
    </ClInclude>
    <ClInclude Include="SDL\include\SDL3_mixer\SDL_mixer.h">
      <Filter>Header Files</Filter>
    </ClInclude>
    <ClInclude Include="SDL\include\SDL3_net\SDL_net.h">
      <Filter>Header Files</Filter>
    </ClInclude>
    <ClInclude Include="SDL\include\SDL3_ttf\SDL_textengine.h">
      <Filter>Header Files</Filter>
    </ClInclude>
    <ClInclude Include="SDL\include\SDL3_ttf\SDL_ttf.h">
      <Filter>Header Files</Filter>
    </ClInclude>
  </ItemGroup>
  <ItemGroup>
    <None Include="src\ecs\README.md" />
    <None Include="src\sdlutils\README.md" />
    <None Include="src\json\README.md" />
    <None Include="resources\.DS_Store" />
    <None Include="resources\config\pingpong.cfg.json" />
    <None Include="resources\config\pingpong.resources.json" />
    <None Include="resources\config\resources.json" />
    <None Include="resources\config\sdlutilsdemo.resources.json" />
    <None Include="SDL\bin\FLAC-8.dll" />
    <None Include="SDL\bin\gme.dll" />
    <None Include="SDL\bin\libpng16-16.dll" />
    <None Include="SDL\bin\libwebp.dll" />
    <None Include="SDL\bin\libwebpdemux.dll" />
    <None Include="SDL\bin\libwebpmux.dll" />
    <None Include="SDL\bin\libxmp.dll" />
    <None Include="SDL\bin\mpg123-0.dll" />
    <None Include="SDL\bin\ogg-0.dll" />
    <None Include="SDL\bin\opus-0.dll" />
    <None Include="SDL\bin\opusfile-0.dll" />
    <None Include="SDL\bin\SDL3.dll" />
    <None Include="SDL\bin\SDL3_image.dll" />
    <None Include="SDL\bin\SDL3_mixer.dll" />
    <None Include="SDL\bin\SDL3_net.dll" />
    <None Include="SDL\bin\SDL3_ttf.dll" />
    <None Include="SDL\bin\tiff.dll" />
    <None Include="SDL\bin\vorbis-0.dll" />
    <None Include="SDL\bin\vorbisfile-3.dll" />
    <None Include="SDL\bin\wavpackdll.dll" />
    <None Include="SDL\cmake\SDL3_imageConfig.cmake" />
    <None Include="SDL\cmake\SDL3_imageConfigVersion.cmake" />
    <None Include="SDL\cmake\SDL3_image-shared-targets.cmake" />
    <None Include="SDL\cmake\SDL3_image-shared-targets-release.cmake" />
    <None Include="SDL\cmake\SDL3_mixerConfig.cmake" />
    <None Include="SDL\cmake\SDL3_mixerConfigVersion.cmake" />
    <None Include="SDL\cmake\SDL3_mixer-shared-targets.cmake" />
    <None Include="SDL\cmake\SDL3_mixer-shared-targets-release.cmake" />
    <None Include="SDL\cmake\SDL3_netConfig.cmake" />
    <None Include="SDL\cmake\SDL3_netConfigVersion.cmake" />
    <None Include="SDL\cmake\SDL3_net-shared-targets.cmake" />
    <None Include="SDL\cmake\SDL3_net-shared-targets-release.cmake" />
    <None Include="SDL\cmake\SDL3_ttfConfig.cmake" />
    <None Include="SDL\cmake\SDL3_ttfConfigVersion.cmake" />
    <None Include="SDL\cmake\SDL3_ttf-shared-targets.cmake" />
    <None Include="SDL\cmake\SDL3_ttf-shared-targets-release.cmake" />
    <None Include="SDL\cmake\SDL3Config.cmake" />
    <None Include="SDL\cmake\SDL3ConfigVersion.cmake" />
    <None Include="SDL\cmake\SDL3headersTargets.cmake" />
    <None Include="SDL\cmake\SDL3sharedTargets.cmake" />
    <None Include="SDL\cmake\SDL3sharedTargets-release.cmake" />
    <None Include="SDL\cmake\SDL3testTargets.cmake" />
    <None Include="SDL\cmake\SDL3testTargets-release.cmake" />
    <None Include="SDL\lib\pkgconfig\sdl3.pc" />
    <None Include="SDL\lib\pkgconfig\sdl3-image.pc" />
    <None Include="SDL\lib\pkgconfig\sdl3-mixer.pc" />
    <None Include="SDL\lib\pkgconfig\sdl3-net.pc" />
    <None Include="SDL\lib\pkgconfig\sdl3-ttf.pc" />
  </ItemGroup>
  <ItemGroup>
    <Font Include="resources\fonts\ARIAL.ttf" />
    <Font Include="resources\fonts\Capture_it.ttf" />
    <Font Include="resources\fonts\Monofonto-regular.ttf" />
    <Font Include="resources\fonts\NES-Chimera.ttf" />
  </ItemGroup>
  <ItemGroup>
    <Image Include="resources\images\airplanes.png">
      <Filter>Resource Files</Filter>
    </Image>
    <Image Include="resources\images\asteroid.png">
      <Filter>Resource Files</Filter>
    </Image>
    <Image Include="resources\images\asteroid_gold.png">
      <Filter>Resource Files</Filter>
    </Image>
    <Image Include="resources\images\fighter.png">
      <Filter>Resource Files</Filter>
    </Image>
    <Image Include="resources\images\fighter2.png">
      <Filter>Resource Files</Filter>
    </Image>
    <Image Include="resources\images\fire.png">
      <Filter>Resource Files</Filter>
    </Image>
    <Image Include="resources\images\heart.png">
      <Filter>Resource Files</Filter>
    </Image>
    <Image Include="resources\images\pacman.png">
      <Filter>Resource Files</Filter>
    </Image>
    <Image Include="resources\images\pacman_sprites.png">
      <Filter>Resource Files</Filter>
    </Image>
    <Image Include="resources\images\pointing-down.png">
      <Filter>Resource Files</Filter>
    </Image>
    <Image Include="resources\images\SDL_logo.png">
      <Filter>Resource Files</Filter>
    </Image>
    <Image Include="resources\images\star.png">
      <Filter>Resource Files</Filter>
    </Image>
    <Image Include="resources\images\tennis_ball.png">
      <Filter>Resource Files</Filter>
    </Image>
    <Image Include="resources\images\whiterect.png">
      <Filter>Resource Files</Filter>
    </Image>
  </ItemGroup>
  <ItemGroup>
    <Media Include="resources\sound\beat.wav">
      <Filter>Resource Files</Filter>
    </Media>
    <Media Include="resources\sound\explosion.wav">
      <Filter>Resource Files</Filter>
    </Media>
    <Media Include="resources\sound\gunshot.wav">
      <Filter>Resource Files</Filter>
    </Media>
    <Media Include="resources\sound\imperial_march.wav">
      <Filter>Resource Files</Filter>
    </Media>
    <Media Include="resources\sound\laugh.wav">
      <Filter>Resource Files</Filter>
    </Media>
    <Media Include="resources\sound\pacman_chomp.wav">
      <Filter>Resource Files</Filter>
    </Media>
    <Media Include="resources\sound\pacman_death.wav">
      <Filter>Resource Files</Filter>
    </Media>
    <Media Include="resources\sound\pacman_eat.wav">
      <Filter>Resource Files</Filter>
    </Media>
    <Media Include="resources\sound\pacman_intro.wav">
      <Filter>Resource Files</Filter>
    </Media>
    <Media Include="resources\sound\pacman_won.wav">
      <Filter>Resource Files</Filter>
    </Media>
    <Media Include="resources\sound\paddle_hit.wav">
      <Filter>Resource Files</Filter>
    </Media>
    <Media Include="resources\sound\thrust.wav">
      <Filter>Resource Files</Filter>
    </Media>
    <Media Include="resources\sound\thrust1.wav">
      <Filter>Resource Files</Filter>
    </Media>
    <Media Include="resources\sound\wall_hit.wav">
      <Filter>Resource Files</Filter>
    </Media>
  </ItemGroup>
  <ItemGroup>
    <Library Include="SDL\lib\SDL3.lib" />
    <Library Include="SDL\lib\SDL3_image.lib" />
    <Library Include="SDL\lib\SDL3_mixer.lib" />
    <Library Include="SDL\lib\SDL3_net.lib" />
    <Library Include="SDL\lib\SDL3_test.lib" />
    <Library Include="SDL\lib\SDL3_ttf.lib" />
  </ItemGroup>
</Project>